
Microsoft Visual Studio Solution File, Format Version 12.00
# Visual Studio 15
Project("{FAE04EC0-301F-11D3-BF4B-00C04F79EFBC}") = "Assembly-CSharp", "Assembly-CSharp.csproj", "{E2B0ABC7-EA01-03D7-9721-7D4AD47B0859}"
EndProject
Project("{FAE04EC0-301F-11D3-BF4B-00C04F79EFBC}") = "PhotonUnityNetworking.Demos", "PhotonUnityNetworking.Demos.csproj", "{52451B3B-2F02-0F14-3640-6EEFC82DB56A}"
EndProject
Project("{FAE04EC0-301F-11D3-BF4B-00C04F79EFBC}") = "PhotonRealtime", "PhotonRealtime.csproj", "{A2CDC21A-32A1-5750-A4AA-98A361BBFC66}"
EndProject
Project("{FAE04EC0-301F-11D3-BF4B-00C04F79EFBC}") = "PhotonUnityNetworking", "PhotonUnityNetworking.csproj", "{0D7BA794-89FC-EF2E-05DD-FE1F9BF802FD}"
EndProject
Project("{FAE04EC0-301F-11D3-BF4B-00C04F79EFBC}") = "PhotonUnityNetworking.Utilities", "PhotonUnityNetworking.Utilities.csproj", "{F3FF898F-EB0B-37F3-4E36-6C5C977263D0}"
EndProject
Project("{FAE04EC0-301F-11D3-BF4B-00C04F79EFBC}") = "PhotonChat", "PhotonChat.csproj", "{9F7A586E-8D56-B029-E829-DD8B08311DF5}"
EndProject
Project("{FAE04EC0-301F-11D3-BF4B-00C04F79EFBC}") = "PhotonUnityNetworking.Editor", "PhotonUnityNetworking.Editor.csproj", "{D7E04F1F-BF65-3F01-65AB-19CCF4F0CF6A}"
EndProject
Project("{FAE04EC0-301F-11D3-BF4B-00C04F79EFBC}") = "PhotonUnityNetworking.Utilities.PhotonPlayer.Editor", "PhotonUnityNetworking.Utilities.PhotonPlayer.Editor.csproj", "{5C5ECD72-E79B-6FF9-3770-8D86CAE3B0E3}"
EndProject
Project("{FAE04EC0-301F-11D3-BF4B-00C04F79EFBC}") = "PunDemos.DemoSlotcarEditor", "PunDemos.DemoSlotcarEditor.csproj", "{3823E809-9881-90B7-C36B-A0E5E0AD9428}"
EndProject
Project("{FAE04EC0-301F-11D3-BF4B-00C04F79EFBC}") = "PhotonUnityNetworking.Utilities.Culling.Editor", "PhotonUnityNetworking.Utilities.Culling.Editor.csproj", "{805CDD80-0C5B-E916-FD92-A329C98DE4FE}"
EndProject
Project("{FAE04EC0-301F-11D3-BF4B-00C04F79EFBC}") = "PunDemos.DemoHubEditor", "PunDemos.DemoHubEditor.csproj", "{2D306F44-0CF6-A6D5-A973-E73713C3DF10}"
EndProject
Project("{FAE04EC0-301F-11D3-BF4B-00C04F79EFBC}") = "Assembly-CSharp-Editor", "Assembly-CSharp-Editor.csproj", "{43DEFBE2-F31D-AFA4-472C-1AE0174D0F5F}"
EndProject
Global
	GlobalSection(SolutionConfigurationPlatforms) = preSolution
		Debug|Any CPU = Debug|Any CPU
		Release|Any CPU = Release|Any CPU
	EndGlobalSection
	GlobalSection(ProjectConfigurationPlatforms) = postSolution
		{E2B0ABC7-EA01-03D7-9721-7D4AD47B0859}.Debug|Any CPU.ActiveCfg = Debug|Any CPU
		{E2B0ABC7-EA01-03D7-9721-7D4AD47B0859}.Debug|Any CPU.Build.0 = Debug|Any CPU
		{E2B0ABC7-EA01-03D7-9721-7D4AD47B0859}.Release|Any CPU.ActiveCfg = Release|Any CPU
		{E2B0ABC7-EA01-03D7-9721-7D4AD47B0859}.Release|Any CPU.Build.0 = Release|Any CPU
		{52451B3B-2F02-0F14-3640-6EEFC82DB56A}.Debug|Any CPU.ActiveCfg = Debug|Any CPU
		{52451B3B-2F02-0F14-3640-6EEFC82DB56A}.Debug|Any CPU.Build.0 = Debug|Any CPU
		{52451B3B-2F02-0F14-3640-6EEFC82DB56A}.Release|Any CPU.ActiveCfg = Release|Any CPU
		{52451B3B-2F02-0F14-3640-6EEFC82DB56A}.Release|Any CPU.Build.0 = Release|Any CPU
		{A2CDC21A-32A1-5750-A4AA-98A361BBFC66}.Debug|Any CPU.ActiveCfg = Debug|Any CPU
		{A2CDC21A-32A1-5750-A4AA-98A361BBFC66}.Debug|Any CPU.Build.0 = Debug|Any CPU
		{A2CDC21A-32A1-5750-A4AA-98A361BBFC66}.Release|Any CPU.ActiveCfg = Release|Any CPU
		{A2CDC21A-32A1-5750-A4AA-98A361BBFC66}.Release|Any CPU.Build.0 = Release|Any CPU
		{0D7BA794-89FC-EF2E-05DD-FE1F9BF802FD}.Debug|Any CPU.ActiveCfg = Debug|Any CPU
		{0D7BA794-89FC-EF2E-05DD-FE1F9BF802FD}.Debug|Any CPU.Build.0 = Debug|Any CPU
		{0D7BA794-89FC-EF2E-05DD-FE1F9BF802FD}.Release|Any CPU.ActiveCfg = Release|Any CPU
		{0D7BA794-89FC-EF2E-05DD-FE1F9BF802FD}.Release|Any CPU.Build.0 = Release|Any CPU
		{F3FF898F-EB0B-37F3-4E36-6C5C977263D0}.Debug|Any CPU.ActiveCfg = Debug|Any CPU
		{F3FF898F-EB0B-37F3-4E36-6C5C977263D0}.Debug|Any CPU.Build.0 = Debug|Any CPU
		{F3FF898F-EB0B-37F3-4E36-6C5C977263D0}.Release|Any CPU.ActiveCfg = Release|Any CPU
		{F3FF898F-EB0B-37F3-4E36-6C5C977263D0}.Release|Any CPU.Build.0 = Release|Any CPU
		{9F7A586E-8D56-B029-E829-DD8B08311DF5}.Debug|Any CPU.ActiveCfg = Debug|Any CPU
		{9F7A586E-8D56-B029-E829-DD8B08311DF5}.Debug|Any CPU.Build.0 = Debug|Any CPU
		{9F7A586E-8D56-B029-E829-DD8B08311DF5}.Release|Any CPU.ActiveCfg = Release|Any CPU
		{9F7A586E-8D56-B029-E829-DD8B08311DF5}.Release|Any CPU.Build.0 = Release|Any CPU
		{D7E04F1F-BF65-3F01-65AB-19CCF4F0CF6A}.Debug|Any CPU.ActiveCfg = Debug|Any CPU
		{D7E04F1F-BF65-3F01-65AB-19CCF4F0CF6A}.Debug|Any CPU.Build.0 = Debug|Any CPU
		{D7E04F1F-BF65-3F01-65AB-19CCF4F0CF6A}.Release|Any CPU.ActiveCfg = Release|Any CPU
		{D7E04F1F-BF65-3F01-65AB-19CCF4F0CF6A}.Release|Any CPU.Build.0 = Release|Any CPU
		{5C5ECD72-E79B-6FF9-3770-8D86CAE3B0E3}.Debug|Any CPU.ActiveCfg = Debug|Any CPU
		{5C5ECD72-E79B-6FF9-3770-8D86CAE3B0E3}.Debug|Any CPU.Build.0 = Debug|Any CPU
		{5C5ECD72-E79B-6FF9-3770-8D86CAE3B0E3}.Release|Any CPU.ActiveCfg = Release|Any CPU
		{5C5ECD72-E79B-6FF9-3770-8D86CAE3B0E3}.Release|Any CPU.Build.0 = Release|Any CPU
		{3823E809-9881-90B7-C36B-A0E5E0AD9428}.Debug|Any CPU.ActiveCfg = Debug|Any CPU
		{3823E809-9881-90B7-C36B-A0E5E0AD9428}.Debug|Any CPU.Build.0 = Debug|Any CPU
		{3823E809-9881-90B7-C36B-A0E5E0AD9428}.Release|Any CPU.ActiveCfg = Release|Any CPU
		{3823E809-9881-90B7-C36B-A0E5E0AD9428}.Release|Any CPU.Build.0 = Release|Any CPU
		{805CDD80-0C5B-E916-FD92-A329C98DE4FE}.Debug|Any CPU.ActiveCfg = Debug|Any CPU
		{805CDD80-0C5B-E916-FD92-A329C98DE4FE}.Debug|Any CPU.Build.0 = Debug|Any CPU
		{805CDD80-0C5B-E916-FD92-A329C98DE4FE}.Release|Any CPU.ActiveCfg = Release|Any CPU
		{805CDD80-0C5B-E916-FD92-A329C98DE4FE}.Release|Any CPU.Build.0 = Release|Any CPU
		{2D306F44-0CF6-A6D5-A973-E73713C3DF10}.Debug|Any CPU.ActiveCfg = Debug|Any CPU
		{2D306F44-0CF6-A6D5-A973-E73713C3DF10}.Debug|Any CPU.Build.0 = Debug|Any CPU
		{2D306F44-0CF6-A6D5-A973-E73713C3DF10}.Release|Any CPU.ActiveCfg = Release|Any CPU
		{2D306F44-0CF6-A6D5-A973-E73713C3DF10}.Release|Any CPU.Build.0 = Release|Any CPU
		{43DEFBE2-F31D-AFA4-472C-1AE0174D0F5F}.Debug|Any CPU.ActiveCfg = Debug|Any CPU
		{43DEFBE2-F31D-AFA4-472C-1AE0174D0F5F}.Debug|Any CPU.Build.0 = Debug|Any CPU
		{43DEFBE2-F31D-AFA4-472C-1AE0174D0F5F}.Release|Any CPU.ActiveCfg = Release|Any CPU
		{43DEFBE2-F31D-AFA4-472C-1AE0174D0F5F}.Release|Any CPU.Build.0 = Release|Any CPU
	EndGlobalSection
	GlobalSection(SolutionProperties) = preSolution
		HideSolutionNode = FALSE
	EndGlobalSection
EndGlobal
